
Microsoft Visual Studio Solution File, Format Version 12.00
# Visual Studio Version 17
VisualStudioVersion = 17.14.36518.9 d17.14
MinimumVisualStudioVersion = 10.0.40219.1
Project("{FAE04EC0-301F-11D3-BF4B-00C04F79EFBC}") = "Corpus Callosum", "Corpus Callosum.csproj", "{155E7FD2-4325-FBA3-28C1-8653892C1AD4}"
EndProject
Global
	GlobalSection(SolutionConfigurationPlatforms) = preSolution
		Debug|Any CPU = Debug|Any CPU
		Release|Any CPU = Release|Any CPU
	EndGlobalSection
	GlobalSection(ProjectConfigurationPlatforms) = postSolution
		{155E7FD2-4325-FBA3-28C1-8653892C1AD4}.Debug|Any CPU.ActiveCfg = Debug|Any CPU
		{155E7FD2-4325-FBA3-28C1-8653892C1AD4}.Debug|Any CPU.Build.0 = Debug|Any CPU
		{155E7FD2-4325-FBA3-28C1-8653892C1AD4}.Release|Any CPU.ActiveCfg = Release|Any CPU
		{155E7FD2-4325-FBA3-28C1-8653892C1AD4}.Release|Any CPU.Build.0 = Release|Any CPU
	EndGlobalSection
	GlobalSection(SolutionProperties) = preSolution
		HideSolutionNode = FALSE
	EndGlobalSection
	GlobalSection(ExtensibilityGlobals) = postSolution
		SolutionGuid = {72AF241D-3016-4435-9FF3-AB28BEA66308}
	EndGlobalSection
EndGlobal
